
Microsoft Visual Studio Solution File, Format Version 12.00
# Visual Studio 15
VisualStudioVersion = 15.0.28307.106
MinimumVisualStudioVersion = 10.0.40219.1
Project("{888888A0-9F3D-457C-B088-3A5042F75D52}") = "豆瓣电影爬虫", "豆瓣电影爬虫\豆瓣电影爬虫.pyproj", "{DF3FA4D7-B724-44E4-A0D2-7649F2EC7831}"
EndProject
Global
	GlobalSection(SolutionConfigurationPlatforms) = preSolution
		Debug|Any CPU = Debug|Any CPU
		Release|Any CPU = Release|Any CPU
	EndGlobalSection
	GlobalSection(ProjectConfigurationPlatforms) = postSolution
		{DF3FA4D7-B724-44E4-A0D2-7649F2EC7831}.Debug|Any CPU.ActiveCfg = Debug|Any CPU
		{DF3FA4D7-B724-44E4-A0D2-7649F2EC7831}.Release|Any CPU.ActiveCfg = Release|Any CPU
	EndGlobalSection
	GlobalSection(SolutionProperties) = preSolution
		HideSolutionNode = FALSE
	EndGlobalSection
	GlobalSection(ExtensibilityGlobals) = postSolution
		SolutionGuid = {B79F6060-FE84-4BC0-8CC0-F07DCBAA792F}
	EndGlobalSection
EndGlobal
